# This file is autogenerated, do not edit; changes may be undone by the next 'dep ensure'.


[[projects]]
  branch = "master"
  name = "github.com/gwaylib/errors"
  packages = ["."]
  revision = "fc77c9a1dcb3e74870e1f8b659da2ae18afbc06b"

[[projects]]
  branch = "master"
  name = "github.com/gwaylib/log"
  packages = [
    ".",
    "logger",
    "logger/adapter/stdio",
    "logger/proto"
  ]
  revision = "b7299307ace17cabb43f9edaf788142611742edc"

[[projects]]
  name = "github.com/iwanbk/gobeanstalk"
  packages = ["."]
  revision = "36dcad26a9619327621b6f95745d462c4b12dcec"
  version = "v0.3"

[[projects]]
  branch = "master"
  name = "github.com/kr/beanstalk"
  packages = ["."]
  revision = "e99e1a384e4ace0401329ea37f702a2904990f91"

[[projects]]
  name = "github.com/labstack/gommon"
  packages = ["color"]
  revision = "d6898124de917583f5ff5592ef931d1dfe0ddc05"
  version = "0.2.6"

[[projects]]
  name = "github.com/mattn/go-colorable"
  packages = ["."]
  revision = "167de6bfdfba052fa6b2d3664c8f5272e23c9072"
  version = "v0.0.9"

[[projects]]
  name = "github.com/mattn/go-isatty"
  packages = ["."]
  revision = "0360b2af4f38e8d38c7fce2a9f4e702702d73a39"
  version = "v0.0.3"

[solve-meta]
  analyzer-name = "dep"
  analyzer-version = 1
  inputs-digest = "35473b12fe002575eff3a78791f0ff59d3788905a65d2013d050f2db018f5a7c"
  solver-name = "gps-cdcl"
  solver-version = 1
